
Microsoft Visual Studio Solution File, Format Version 12.00
# Visual Studio Version 17
VisualStudioVersion = 17.7.34024.191
MinimumVisualStudioVersion = 10.0.40219.1
Project("{8BC9CEB8-8B4A-11D0-8D11-00A0C91BC942}") = "FirstConsoleApplication", "FirstConsoleApplication\FirstConsoleApplication.vcxproj", "{98F9EDB1-6310-4001-979F-D42306D69410}"
EndProject
Project("{8BC9CEB8-8B4A-11D0-8D11-00A0C91BC942}") = "VariableConsoleApplication", "VariableConsoleApplication\VariableConsoleApplication.vcxproj", "{105A55DF-9C03-440A-8E53-EF00C667DFBB}"
EndProject
Project("{2150E333-8FDC-42A3-9474-1A3956D46DE8}") = "01.Podstawy", "01.Podstawy", "{D13A6572-EF75-4383-91E0-96EC04E01B44}"
EndProject
Project("{2150E333-8FDC-42A3-9474-1A3956D46DE8}") = "02.Instrukcje decyzyjne", "02.Instrukcje decyzyjne", "{4D1EB96A-B38E-48B7-A921-48B9AD343308}"
EndProject
Project("{8BC9CEB8-8B4A-11D0-8D11-00A0C91BC942}") = "InstructionConsoleApplication", "InstructionConsoleApplication\InstructionConsoleApplication.vcxproj", "{DCCE89BA-5312-45BA-9A2E-8F652BB164A6}"
EndProject
Project("{8BC9CEB8-8B4A-11D0-8D11-00A0C91BC942}") = "LoopDoWhileConsoleApplication", "LoopDoWhileConsoleApplication\LoopDoWhileConsoleApplication.vcxproj", "{139C2150-EB7F-4FDF-AC2D-3E3D4088E365}"
EndProject
Project("{8BC9CEB8-8B4A-11D0-8D11-00A0C91BC942}") = "LoopWhileConsoleApplication", "LoopWhileConsoleApplication\LoopWhileConsoleApplication.vcxproj", "{8613A519-E298-4969-B35C-7F7F36A376F3}"
EndProject
Project("{8BC9CEB8-8B4A-11D0-8D11-00A0C91BC942}") = "LoopForConsoleApplication", "LoopForConsoleApplication\LoopForConsoleApplication.vcxproj", "{81A7876A-928D-47E5-BB37-602B615F5CCA}"
EndProject
Project("{2150E333-8FDC-42A3-9474-1A3956D46DE8}") = "03.Kolekcje", "03.Kolekcje", "{FED6B839-3B55-4538-B588-B2F477E89550}"
EndProject
Project("{8BC9CEB8-8B4A-11D0-8D11-00A0C91BC942}") = "CharactersConsoleApplication", "CharactersConsoleApplication\CharactersConsoleApplication.vcxproj", "{195E1FF5-F847-4497-904C-AF84EBABC260}"
EndProject
Project("{8BC9CEB8-8B4A-11D0-8D11-00A0C91BC942}") = "ArrayConsoleApplication", "ArrayConsoleApplication\ArrayConsoleApplication.vcxproj", "{D25CDAE0-B32B-4906-9E00-5992E4C9D65C}"
EndProject
Project("{2150E333-8FDC-42A3-9474-1A3956D46DE8}") = "04.Funkcje", "04.Funkcje", "{0019F29E-E196-41C0-919E-892E40017745}"
EndProject
Project("{8BC9CEB8-8B4A-11D0-8D11-00A0C91BC942}") = "FunctionConsoleApplication", "FunctionConsoleApplication\FunctionConsoleApplication.vcxproj", "{0532347E-7F46-487E-ACAA-52D69F527FF9}"
EndProject
Project("{8BC9CEB8-8B4A-11D0-8D11-00A0C91BC942}") = "TicTacToeConsoleApplication", "TicTacToeConsoleApplication\TicTacToeConsoleApplication.vcxproj", "{E202CD2A-6273-4CF9-A88A-6B510290C6A0}"
EndProject
Project("{2150E333-8FDC-42A3-9474-1A3956D46DE8}") = "06.Zadania", "06.Zadania", "{2C99F321-856F-407A-975E-EA6BBF57F7D8}"
EndProject
Project("{8BC9CEB8-8B4A-11D0-8D11-00A0C91BC942}") = "TasksConsoleApplication", "TasksConsoleApplication\TasksConsoleApplication.vcxproj", "{3D46F8DC-2FE6-4C46-9DED-49CA174EF20B}"
EndProject
Project("{8BC9CEB8-8B4A-11D0-8D11-00A0C91BC942}") = "SnakeConsoleApplication", "SnakeConsoleApplication\SnakeConsoleApplication.vcxproj", "{ED604F64-E8F7-49C7-B411-35459CF90C3D}"
EndProject
Project("{8BC9CEB8-8B4A-11D0-8D11-00A0C91BC942}") = "StarsConsoleApplication", "StarsConsoleApplication\StarsConsoleApplication.vcxproj", "{AC570706-1F7E-411C-AB4B-A2E6A925B37E}"
EndProject
Project("{8BC9CEB8-8B4A-11D0-8D11-00A0C91BC942}") = "DrawRectangleConsoleApplication", "DrawRectangleConsoleApplication\DrawRectangleConsoleApplication.vcxproj", "{E142B67E-662C-42A4-B29C-7570CDE1CACA}"
EndProject
Global
	GlobalSection(SolutionConfigurationPlatforms) = preSolution
		Debug|x64 = Debug|x64
		Debug|x86 = Debug|x86
		Release|x64 = Release|x64
		Release|x86 = Release|x86
	EndGlobalSection
	GlobalSection(ProjectConfigurationPlatforms) = postSolution
		{98F9EDB1-6310-4001-979F-D42306D69410}.Debug|x64.ActiveCfg = Debug|x64
		{98F9EDB1-6310-4001-979F-D42306D69410}.Debug|x64.Build.0 = Debug|x64
		{98F9EDB1-6310-4001-979F-D42306D69410}.Debug|x86.ActiveCfg = Debug|Win32
		{98F9EDB1-6310-4001-979F-D42306D69410}.Debug|x86.Build.0 = Debug|Win32
		{98F9EDB1-6310-4001-979F-D42306D69410}.Release|x64.ActiveCfg = Release|x64
		{98F9EDB1-6310-4001-979F-D42306D69410}.Release|x64.Build.0 = Release|x64
		{98F9EDB1-6310-4001-979F-D42306D69410}.Release|x86.ActiveCfg = Release|Win32
		{98F9EDB1-6310-4001-979F-D42306D69410}.Release|x86.Build.0 = Release|Win32
		{105A55DF-9C03-440A-8E53-EF00C667DFBB}.Debug|x64.ActiveCfg = Debug|x64
		{105A55DF-9C03-440A-8E53-EF00C667DFBB}.Debug|x64.Build.0 = Debug|x64
		{105A55DF-9C03-440A-8E53-EF00C667DFBB}.Debug|x86.ActiveCfg = Debug|Win32
		{105A55DF-9C03-440A-8E53-EF00C667DFBB}.Debug|x86.Build.0 = Debug|Win32
		{105A55DF-9C03-440A-8E53-EF00C667DFBB}.Release|x64.ActiveCfg = Release|x64
		{105A55DF-9C03-440A-8E53-EF00C667DFBB}.Release|x64.Build.0 = Release|x64
		{105A55DF-9C03-440A-8E53-EF00C667DFBB}.Release|x86.ActiveCfg = Release|Win32
		{105A55DF-9C03-440A-8E53-EF00C667DFBB}.Release|x86.Build.0 = Release|Win32
		{DCCE89BA-5312-45BA-9A2E-8F652BB164A6}.Debug|x64.ActiveCfg = Debug|x64
		{DCCE89BA-5312-45BA-9A2E-8F652BB164A6}.Debug|x64.Build.0 = Debug|x64
		{DCCE89BA-5312-45BA-9A2E-8F652BB164A6}.Debug|x86.ActiveCfg = Debug|Win32
		{DCCE89BA-5312-45BA-9A2E-8F652BB164A6}.Debug|x86.Build.0 = Debug|Win32
		{DCCE89BA-5312-45BA-9A2E-8F652BB164A6}.Release|x64.ActiveCfg = Release|x64
		{DCCE89BA-5312-45BA-9A2E-8F652BB164A6}.Release|x64.Build.0 = Release|x64
		{DCCE89BA-5312-45BA-9A2E-8F652BB164A6}.Release|x86.ActiveCfg = Release|Win32
		{DCCE89BA-5312-45BA-9A2E-8F652BB164A6}.Release|x86.Build.0 = Release|Win32
		{139C2150-EB7F-4FDF-AC2D-3E3D4088E365}.Debug|x64.ActiveCfg = Debug|x64
		{139C2150-EB7F-4FDF-AC2D-3E3D4088E365}.Debug|x64.Build.0 = Debug|x64
		{139C2150-EB7F-4FDF-AC2D-3E3D4088E365}.Debug|x86.ActiveCfg = Debug|Win32
		{139C2150-EB7F-4FDF-AC2D-3E3D4088E365}.Debug|x86.Build.0 = Debug|Win32
		{139C2150-EB7F-4FDF-AC2D-3E3D4088E365}.Release|x64.ActiveCfg = Release|x64
		{139C2150-EB7F-4FDF-AC2D-3E3D4088E365}.Release|x64.Build.0 = Release|x64
		{139C2150-EB7F-4FDF-AC2D-3E3D4088E365}.Release|x86.ActiveCfg = Release|Win32
		{139C2150-EB7F-4FDF-AC2D-3E3D4088E365}.Release|x86.Build.0 = Release|Win32
		{8613A519-E298-4969-B35C-7F7F36A376F3}.Debug|x64.ActiveCfg = Debug|x64
		{8613A519-E298-4969-B35C-7F7F36A376F3}.Debug|x64.Build.0 = Debug|x64
		{8613A519-E298-4969-B35C-7F7F36A376F3}.Debug|x86.ActiveCfg = Debug|Win32
		{8613A519-E298-4969-B35C-7F7F36A376F3}.Debug|x86.Build.0 = Debug|Win32
		{8613A519-E298-4969-B35C-7F7F36A376F3}.Release|x64.ActiveCfg = Release|x64
		{8613A519-E298-4969-B35C-7F7F36A376F3}.Release|x64.Build.0 = Release|x64
		{8613A519-E298-4969-B35C-7F7F36A376F3}.Release|x86.ActiveCfg = Release|Win32
		{8613A519-E298-4969-B35C-7F7F36A376F3}.Release|x86.Build.0 = Release|Win32
		{81A7876A-928D-47E5-BB37-602B615F5CCA}.Debug|x64.ActiveCfg = Debug|x64
		{81A7876A-928D-47E5-BB37-602B615F5CCA}.Debug|x64.Build.0 = Debug|x64
		{81A7876A-928D-47E5-BB37-602B615F5CCA}.Debug|x86.ActiveCfg = Debug|Win32
		{81A7876A-928D-47E5-BB37-602B615F5CCA}.Debug|x86.Build.0 = Debug|Win32
		{81A7876A-928D-47E5-BB37-602B615F5CCA}.Release|x64.ActiveCfg = Release|x64
		{81A7876A-928D-47E5-BB37-602B615F5CCA}.Release|x64.Build.0 = Release|x64
		{81A7876A-928D-47E5-BB37-602B615F5CCA}.Release|x86.ActiveCfg = Release|Win32
		{81A7876A-928D-47E5-BB37-602B615F5CCA}.Release|x86.Build.0 = Release|Win32
		{195E1FF5-F847-4497-904C-AF84EBABC260}.Debug|x64.ActiveCfg = Debug|x64
		{195E1FF5-F847-4497-904C-AF84EBABC260}.Debug|x64.Build.0 = Debug|x64
		{195E1FF5-F847-4497-904C-AF84EBABC260}.Debug|x86.ActiveCfg = Debug|Win32
		{195E1FF5-F847-4497-904C-AF84EBABC260}.Debug|x86.Build.0 = Debug|Win32
		{195E1FF5-F847-4497-904C-AF84EBABC260}.Release|x64.ActiveCfg = Release|x64
		{195E1FF5-F847-4497-904C-AF84EBABC260}.Release|x64.Build.0 = Release|x64
		{195E1FF5-F847-4497-904C-AF84EBABC260}.Release|x86.ActiveCfg = Release|Win32
		{195E1FF5-F847-4497-904C-AF84EBABC260}.Release|x86.Build.0 = Release|Win32
		{D25CDAE0-B32B-4906-9E00-5992E4C9D65C}.Debug|x64.ActiveCfg = Debug|x64
		{D25CDAE0-B32B-4906-9E00-5992E4C9D65C}.Debug|x64.Build.0 = Debug|x64
		{D25CDAE0-B32B-4906-9E00-5992E4C9D65C}.Debug|x86.ActiveCfg = Debug|Win32
		{D25CDAE0-B32B-4906-9E00-5992E4C9D65C}.Debug|x86.Build.0 = Debug|Win32
		{D25CDAE0-B32B-4906-9E00-5992E4C9D65C}.Release|x64.ActiveCfg = Release|x64
		{D25CDAE0-B32B-4906-9E00-5992E4C9D65C}.Release|x64.Build.0 = Release|x64
		{D25CDAE0-B32B-4906-9E00-5992E4C9D65C}.Release|x86.ActiveCfg = Release|Win32
		{D25CDAE0-B32B-4906-9E00-5992E4C9D65C}.Release|x86.Build.0 = Release|Win32
		{0532347E-7F46-487E-ACAA-52D69F527FF9}.Debug|x64.ActiveCfg = Debug|x64
		{0532347E-7F46-487E-ACAA-52D69F527FF9}.Debug|x64.Build.0 = Debug|x64
		{0532347E-7F46-487E-ACAA-52D69F527FF9}.Debug|x86.ActiveCfg = Debug|Win32
		{0532347E-7F46-487E-ACAA-52D69F527FF9}.Debug|x86.Build.0 = Debug|Win32
		{0532347E-7F46-487E-ACAA-52D69F527FF9}.Release|x64.ActiveCfg = Release|x64
		{0532347E-7F46-487E-ACAA-52D69F527FF9}.Release|x64.Build.0 = Release|x64
		{0532347E-7F46-487E-ACAA-52D69F527FF9}.Release|x86.ActiveCfg = Release|Win32
		{0532347E-7F46-487E-ACAA-52D69F527FF9}.Release|x86.Build.0 = Release|Win32
		{E202CD2A-6273-4CF9-A88A-6B510290C6A0}.Debug|x64.ActiveCfg = Debug|x64
		{E202CD2A-6273-4CF9-A88A-6B510290C6A0}.Debug|x64.Build.0 = Debug|x64
		{E202CD2A-6273-4CF9-A88A-6B510290C6A0}.Debug|x86.ActiveCfg = Debug|Win32
		{E202CD2A-6273-4CF9-A88A-6B510290C6A0}.Debug|x86.Build.0 = Debug|Win32
		{E202CD2A-6273-4CF9-A88A-6B510290C6A0}.Release|x64.ActiveCfg = Release|x64
		{E202CD2A-6273-4CF9-A88A-6B510290C6A0}.Release|x64.Build.0 = Release|x64
		{E202CD2A-6273-4CF9-A88A-6B510290C6A0}.Release|x86.ActiveCfg = Release|Win32
		{E202CD2A-6273-4CF9-A88A-6B510290C6A0}.Release|x86.Build.0 = Release|Win32
		{3D46F8DC-2FE6-4C46-9DED-49CA174EF20B}.Debug|x64.ActiveCfg = Debug|x64
		{3D46F8DC-2FE6-4C46-9DED-49CA174EF20B}.Debug|x64.Build.0 = Debug|x64
		{3D46F8DC-2FE6-4C46-9DED-49CA174EF20B}.Debug|x86.ActiveCfg = Debug|Win32
		{3D46F8DC-2FE6-4C46-9DED-49CA174EF20B}.Debug|x86.Build.0 = Debug|Win32
		{3D46F8DC-2FE6-4C46-9DED-49CA174EF20B}.Release|x64.ActiveCfg = Release|x64
		{3D46F8DC-2FE6-4C46-9DED-49CA174EF20B}.Release|x64.Build.0 = Release|x64
		{3D46F8DC-2FE6-4C46-9DED-49CA174EF20B}.Release|x86.ActiveCfg = Release|Win32
		{3D46F8DC-2FE6-4C46-9DED-49CA174EF20B}.Release|x86.Build.0 = Release|Win32
		{ED604F64-E8F7-49C7-B411-35459CF90C3D}.Debug|x64.ActiveCfg = Debug|x64
		{ED604F64-E8F7-49C7-B411-35459CF90C3D}.Debug|x64.Build.0 = Debug|x64
		{ED604F64-E8F7-49C7-B411-35459CF90C3D}.Debug|x86.ActiveCfg = Debug|Win32
		{ED604F64-E8F7-49C7-B411-35459CF90C3D}.Debug|x86.Build.0 = Debug|Win32
		{ED604F64-E8F7-49C7-B411-35459CF90C3D}.Release|x64.ActiveCfg = Release|x64
		{ED604F64-E8F7-49C7-B411-35459CF90C3D}.Release|x64.Build.0 = Release|x64
		{ED604F64-E8F7-49C7-B411-35459CF90C3D}.Release|x86.ActiveCfg = Release|Win32
		{ED604F64-E8F7-49C7-B411-35459CF90C3D}.Release|x86.Build.0 = Release|Win32
		{AC570706-1F7E-411C-AB4B-A2E6A925B37E}.Debug|x64.ActiveCfg = Debug|x64
		{AC570706-1F7E-411C-AB4B-A2E6A925B37E}.Debug|x64.Build.0 = Debug|x64
		{AC570706-1F7E-411C-AB4B-A2E6A925B37E}.Debug|x86.ActiveCfg = Debug|Win32
		{AC570706-1F7E-411C-AB4B-A2E6A925B37E}.Debug|x86.Build.0 = Debug|Win32
		{AC570706-1F7E-411C-AB4B-A2E6A925B37E}.Release|x64.ActiveCfg = Release|x64
		{AC570706-1F7E-411C-AB4B-A2E6A925B37E}.Release|x64.Build.0 = Release|x64
		{AC570706-1F7E-411C-AB4B-A2E6A925B37E}.Release|x86.ActiveCfg = Release|Win32
		{AC570706-1F7E-411C-AB4B-A2E6A925B37E}.Release|x86.Build.0 = Release|Win32
		{E142B67E-662C-42A4-B29C-7570CDE1CACA}.Debug|x64.ActiveCfg = Debug|x64
		{E142B67E-662C-42A4-B29C-7570CDE1CACA}.Debug|x64.Build.0 = Debug|x64
		{E142B67E-662C-42A4-B29C-7570CDE1CACA}.Debug|x86.ActiveCfg = Debug|Win32
		{E142B67E-662C-42A4-B29C-7570CDE1CACA}.Debug|x86.Build.0 = Debug|Win32
		{E142B67E-662C-42A4-B29C-7570CDE1CACA}.Release|x64.ActiveCfg = Release|x64
		{E142B67E-662C-42A4-B29C-7570CDE1CACA}.Release|x64.Build.0 = Release|x64
		{E142B67E-662C-42A4-B29C-7570CDE1CACA}.Release|x86.ActiveCfg = Release|Win32
		{E142B67E-662C-42A4-B29C-7570CDE1CACA}.Release|x86.Build.0 = Release|Win32
	EndGlobalSection
	GlobalSection(SolutionProperties) = preSolution
		HideSolutionNode = FALSE
	EndGlobalSection
	GlobalSection(NestedProjects) = preSolution
		{98F9EDB1-6310-4001-979F-D42306D69410} = {D13A6572-EF75-4383-91E0-96EC04E01B44}
		{105A55DF-9C03-440A-8E53-EF00C667DFBB} = {D13A6572-EF75-4383-91E0-96EC04E01B44}
		{DCCE89BA-5312-45BA-9A2E-8F652BB164A6} = {4D1EB96A-B38E-48B7-A921-48B9AD343308}
		{139C2150-EB7F-4FDF-AC2D-3E3D4088E365} = {4D1EB96A-B38E-48B7-A921-48B9AD343308}
		{8613A519-E298-4969-B35C-7F7F36A376F3} = {4D1EB96A-B38E-48B7-A921-48B9AD343308}
		{81A7876A-928D-47E5-BB37-602B615F5CCA} = {4D1EB96A-B38E-48B7-A921-48B9AD343308}
		{195E1FF5-F847-4497-904C-AF84EBABC260} = {FED6B839-3B55-4538-B588-B2F477E89550}
		{D25CDAE0-B32B-4906-9E00-5992E4C9D65C} = {FED6B839-3B55-4538-B588-B2F477E89550}
		{0532347E-7F46-487E-ACAA-52D69F527FF9} = {0019F29E-E196-41C0-919E-892E40017745}
		{E202CD2A-6273-4CF9-A88A-6B510290C6A0} = {0019F29E-E196-41C0-919E-892E40017745}
		{3D46F8DC-2FE6-4C46-9DED-49CA174EF20B} = {2C99F321-856F-407A-975E-EA6BBF57F7D8}
		{ED604F64-E8F7-49C7-B411-35459CF90C3D} = {2C99F321-856F-407A-975E-EA6BBF57F7D8}
		{AC570706-1F7E-411C-AB4B-A2E6A925B37E} = {2C99F321-856F-407A-975E-EA6BBF57F7D8}
		{E142B67E-662C-42A4-B29C-7570CDE1CACA} = {2C99F321-856F-407A-975E-EA6BBF57F7D8}
	EndGlobalSection
	GlobalSection(ExtensibilityGlobals) = postSolution
		SolutionGuid = {F097B48F-B591-4473-B32E-9C089190C89B}
	EndGlobalSection
EndGlobal
